
Microsoft Visual Studio Solution File, Format Version 12.00
# Visual Studio Version 17
VisualStudioVersion = 17.14.36623.8 d17.14
MinimumVisualStudioVersion = 10.0.40219.1
Project("{FAE04EC0-301F-11D3-BF4B-00C04F79EFBC}") = "maratona02-exercicios", "maratona02-exercicios\maratona02-exercicios.csproj", "{53F95D9E-AAB7-4E90-BBAE-70975E06AE62}"
EndProject
Global
	GlobalSection(SolutionConfigurationPlatforms) = preSolution
		Debug|Any CPU = Debug|Any CPU
		Release|Any CPU = Release|Any CPU
	EndGlobalSection
	GlobalSection(ProjectConfigurationPlatforms) = postSolution
		{53F95D9E-AAB7-4E90-BBAE-70975E06AE62}.Debug|Any CPU.ActiveCfg = Debug|Any CPU
		{53F95D9E-AAB7-4E90-BBAE-70975E06AE62}.Debug|Any CPU.Build.0 = Debug|Any CPU
		{53F95D9E-AAB7-4E90-BBAE-70975E06AE62}.Release|Any CPU.ActiveCfg = Release|Any CPU
		{53F95D9E-AAB7-4E90-BBAE-70975E06AE62}.Release|Any CPU.Build.0 = Release|Any CPU
	EndGlobalSection
	GlobalSection(SolutionProperties) = preSolution
		HideSolutionNode = FALSE
	EndGlobalSection
	GlobalSection(ExtensibilityGlobals) = postSolution
		SolutionGuid = {35C70BD7-1B35-47AD-8E85-E8F13A6FC4D5}
	EndGlobalSection
EndGlobal
