
Microsoft Visual Studio Solution File, Format Version 12.00
# Visual Studio Version 17
VisualStudioVersion = 17.14.36518.9 d17.14
MinimumVisualStudioVersion = 10.0.40219.1
Project("{FAE04EC0-301F-11D3-BF4B-00C04F79EFBC}") = "loop", "loop.csproj", "{A625C3A1-FC88-4D5B-B4F6-405053356CB6}"
EndProject
Global
	GlobalSection(SolutionConfigurationPlatforms) = preSolution
		Debug|Any CPU = Debug|Any CPU
		Release|Any CPU = Release|Any CPU
	EndGlobalSection
	GlobalSection(ProjectConfigurationPlatforms) = postSolution
		{A625C3A1-FC88-4D5B-B4F6-405053356CB6}.Debug|Any CPU.ActiveCfg = Debug|Any CPU
		{A625C3A1-FC88-4D5B-B4F6-405053356CB6}.Debug|Any CPU.Build.0 = Debug|Any CPU
		{A625C3A1-FC88-4D5B-B4F6-405053356CB6}.Release|Any CPU.ActiveCfg = Release|Any CPU
		{A625C3A1-FC88-4D5B-B4F6-405053356CB6}.Release|Any CPU.Build.0 = Release|Any CPU
	EndGlobalSection
	GlobalSection(SolutionProperties) = preSolution
		HideSolutionNode = FALSE
	EndGlobalSection
	GlobalSection(ExtensibilityGlobals) = postSolution
		SolutionGuid = {5428963A-6B92-4B12-8D9C-782068DE89FD}
	EndGlobalSection
EndGlobal
