
Microsoft Visual Studio Solution File, Format Version 12.00
# Visual Studio Version 17
VisualStudioVersion = 17.14.36518.9 d17.14
MinimumVisualStudioVersion = 10.0.40219.1
Project("{FAE04EC0-301F-11D3-BF4B-00C04F79EFBC}") = "variaveiseconstantes", "variaveiseconstantes.csproj", "{BC22205E-D561-4C5A-9F52-B773ECF782E4}"
EndProject
Global
	GlobalSection(SolutionConfigurationPlatforms) = preSolution
		Debug|Any CPU = Debug|Any CPU
		Release|Any CPU = Release|Any CPU
	EndGlobalSection
	GlobalSection(ProjectConfigurationPlatforms) = postSolution
		{BC22205E-D561-4C5A-9F52-B773ECF782E4}.Debug|Any CPU.ActiveCfg = Debug|Any CPU
		{BC22205E-D561-4C5A-9F52-B773ECF782E4}.Debug|Any CPU.Build.0 = Debug|Any CPU
		{BC22205E-D561-4C5A-9F52-B773ECF782E4}.Release|Any CPU.ActiveCfg = Release|Any CPU
		{BC22205E-D561-4C5A-9F52-B773ECF782E4}.Release|Any CPU.Build.0 = Release|Any CPU
	EndGlobalSection
	GlobalSection(SolutionProperties) = preSolution
		HideSolutionNode = FALSE
	EndGlobalSection
	GlobalSection(ExtensibilityGlobals) = postSolution
		SolutionGuid = {F351E3CA-50FD-4F45-9D74-36822FF9F5CA}
	EndGlobalSection
EndGlobal
